{
  "nodes": {
    "devshell": {
      "locked": {
        "lastModified": 1641980203,
        "narHash": "sha256-RiWJ3+6V267Ji+P54K1Xrj1Nsah9BfG/aLfIhqgVyBY=",
        "owner": "numtide",
        "repo": "devshell",
        "rev": "d897c1ddb4eab66cc2b783c7868d78555b9880ad",
        "type": "github"
      },
      "original": {
        "owner": "numtide",
        "repo": "devshell",
        "type": "github"
      }
    },
    "flake-utils": {
      "locked": {
        "lastModified": 1637014545,
        "narHash": "sha256-26IZAc5yzlD9FlDT54io1oqG/bBoyka+FJk5guaX4x4=",
        "owner": "numtide",
        "repo": "flake-utils",
        "rev": "bba5dcc8e0b20ab664967ad83d24d64cb64ec4f4",
        "type": "github"
      },
      "original": {
        "owner": "numtide",
        "repo": "flake-utils",
        "type": "github"
      }
    },
    "helix": {
      "inputs": {
        "nixCargoIntegration": "nixCargoIntegration",
        "nixpkgs": [
          "nixpkgs"
        ],
        "rust-overlay": "rust-overlay"
      },
      "locked": {
        "lastModified": 1642310388,
        "narHash": "sha256-GqPgVHc+zQgAtNjyQRwMtJMoBvF3rJXOBYmBYsEj1QA=",
        "owner": "helix-editor",
        "repo": "helix",
        "rev": "e7eab95b943ff15396c5d512a9c95650ab98a902",
        "type": "github"
      },
      "original": {
        "owner": "helix-editor",
        "repo": "helix",
        "type": "github"
      }
    },
    "home-manager": {
      "inputs": {
        "nixpkgs": [
          "nixpkgs"
        ]
      },
      "locked": {
        "lastModified": 1642356109,
        "narHash": "sha256-OhZ6CiAi9pcMshon3Lmc1TTkdz+/AZmLsIYQ/Nt4ZIo=",
        "owner": "nix-community",
        "repo": "home-manager",
        "rev": "46978d2047a61f6db79826537138b6db8241bd37",
        "type": "github"
      },
      "original": {
        "owner": "nix-community",
        "repo": "home-manager",
        "type": "github"
      }
    },
    "nixCargoIntegration": {
      "inputs": {
        "devshell": "devshell",
        "nixpkgs": "nixpkgs",
        "rustOverlay": "rustOverlay"
      },
      "locked": {
        "lastModified": 1642054253,
        "narHash": "sha256-kHh9VmaB7gbS6pheheC4x0uT84LEmhfbsbWEQJgU2E4=",
        "owner": "yusdacra",
        "repo": "nix-cargo-integration",
        "rev": "f8fa9af990195a3f63fe2dde84aa187e193da793",
        "type": "github"
      },
      "original": {
        "owner": "yusdacra",
        "repo": "nix-cargo-integration",
        "type": "github"
      }
    },
    "nixpkgs": {
      "locked": {
        "lastModified": 1642104392,
        "narHash": "sha256-m71b7MgMh9FDv4MnI5sg9MiBVW6DhE1zq+d/KlLWSC8=",
        "owner": "NixOS",
        "repo": "nixpkgs",
        "rev": "5aaed40d22f0d9376330b6fa413223435ad6fee5",
        "type": "github"
      },
      "original": {
        "owner": "NixOS",
        "ref": "nixos-unstable",
        "repo": "nixpkgs",
        "type": "github"
      }
    },
    "nixpkgs_2": {
      "locked": {
        "lastModified": 1637453606,
        "narHash": "sha256-Gy6cwUswft9xqsjWxFYEnx/63/qzaFUwatcbV5GF/GQ=",
        "owner": "NixOS",
        "repo": "nixpkgs",
        "rev": "8afc4e543663ca0a6a4f496262cd05233737e732",
        "type": "github"
      },
      "original": {
        "owner": "NixOS",
        "ref": "nixpkgs-unstable",
        "repo": "nixpkgs",
        "type": "github"
      }
    },
    "nixpkgs_3": {
      "locked": {
        "lastModified": 1642069818,
        "narHash": "sha256-666w6j8wl/bojfgpp0k58/UJ5rbrdYFbI2RFT2BXbSQ=",
        "owner": "NixOS",
        "repo": "nixpkgs",
        "rev": "46821ea01c8f54d2a20f5a503809abfc605269d7",
        "type": "github"
      },
      "original": {
        "owner": "NixOS",
        "ref": "nixpkgs-unstable",
        "repo": "nixpkgs",
        "type": "github"
      }
    },
    "root": {
      "inputs": {
        "helix": "helix",
        "home-manager": "home-manager",
        "nixpkgs": "nixpkgs_3"
      }
    },
    "rust-overlay": {
      "inputs": {
        "flake-utils": "flake-utils",
        "nixpkgs": "nixpkgs_2"
      },
      "locked": {
        "lastModified": 1642128126,
        "narHash": "sha256-av8JUACdrTfQYl/ftZJvKpZEmZfa0avCq7tt5Usdoq0=",
        "owner": "oxalica",
        "repo": "rust-overlay",
        "rev": "ce4ef6f2d74f2b68f7547df1de22d1b0037ce4ad",
        "type": "github"
      },
      "original": {
        "owner": "oxalica",
        "repo": "rust-overlay",
        "type": "github"
      }
    },
    "rustOverlay": {
      "flake": false,
      "locked": {
        "lastModified": 1642301007,
        "narHash": "sha256-YKs/KV8Rdv8K33RidbjH78nZeMDqKUCwsdq8bow7Ogc=",
        "owner": "oxalica",
        "repo": "rust-overlay",
        "rev": "9c426beb3820ca3ede6349c664eb461ae4603565",
        "type": "github"
      },
      "original": {
        "owner": "oxalica",
        "repo": "rust-overlay",
        "type": "github"
      }
    }
  },
  "root": "root",
  "version": 7
}
